
Microsoft Visual Studio Solution File, Format Version 12.00
# Visual Studio 15
VisualStudioVersion = 15.0.26730.12
MinimumVisualStudioVersion = 10.0.40219.1
Project("{FAE04EC0-301F-11D3-BF4B-00C04F79EFBC}") = "Hello", "Hello\Hello.csproj", "{43D3A9D9-D831-46CD-BE33-1DE6770DB406}"
EndProject
Project("{FAE04EC0-301F-11D3-BF4B-00C04F79EFBC}") = "OOdemot", "OOdemot\OOdemot.csproj", "{647E5B70-F18B-4837-8A73-4FCAFA7B4CB9}"
EndProject
Project("{FAE04EC0-301F-11D3-BF4B-00C04F79EFBC}") = "Labrat", "Labrat\Labrat.csproj", "{A6D93958-A194-4B5F-BA45-7571ABC5EC2E}"
EndProject
Project("{FAE04EC0-301F-11D3-BF4B-00C04F79EFBC}") = "WPFDEMO", "WPFDEMO\WPFDEMO.csproj", "{AB9B3A1F-0514-4739-B811-B984FA893F66}"
EndProject
Project("{FAE04EC0-301F-11D3-BF4B-00C04F79EFBC}") = "Task1", "WPFAssignment1\Task1.csproj", "{AC828049-2243-4B87-B2C7-D5787FC3040B}"
EndProject
Global
	GlobalSection(SolutionConfigurationPlatforms) = preSolution
		Debug|Any CPU = Debug|Any CPU
		Release|Any CPU = Release|Any CPU
	EndGlobalSection
	GlobalSection(ProjectConfigurationPlatforms) = postSolution
		{43D3A9D9-D831-46CD-BE33-1DE6770DB406}.Debug|Any CPU.ActiveCfg = Debug|Any CPU
		{43D3A9D9-D831-46CD-BE33-1DE6770DB406}.Debug|Any CPU.Build.0 = Debug|Any CPU
		{43D3A9D9-D831-46CD-BE33-1DE6770DB406}.Release|Any CPU.ActiveCfg = Release|Any CPU
		{43D3A9D9-D831-46CD-BE33-1DE6770DB406}.Release|Any CPU.Build.0 = Release|Any CPU
		{647E5B70-F18B-4837-8A73-4FCAFA7B4CB9}.Debug|Any CPU.ActiveCfg = Debug|Any CPU
		{647E5B70-F18B-4837-8A73-4FCAFA7B4CB9}.Debug|Any CPU.Build.0 = Debug|Any CPU
		{647E5B70-F18B-4837-8A73-4FCAFA7B4CB9}.Release|Any CPU.ActiveCfg = Release|Any CPU
		{647E5B70-F18B-4837-8A73-4FCAFA7B4CB9}.Release|Any CPU.Build.0 = Release|Any CPU
		{A6D93958-A194-4B5F-BA45-7571ABC5EC2E}.Debug|Any CPU.ActiveCfg = Debug|Any CPU
		{A6D93958-A194-4B5F-BA45-7571ABC5EC2E}.Debug|Any CPU.Build.0 = Debug|Any CPU
		{A6D93958-A194-4B5F-BA45-7571ABC5EC2E}.Release|Any CPU.ActiveCfg = Release|Any CPU
		{A6D93958-A194-4B5F-BA45-7571ABC5EC2E}.Release|Any CPU.Build.0 = Release|Any CPU
		{AB9B3A1F-0514-4739-B811-B984FA893F66}.Debug|Any CPU.ActiveCfg = Debug|Any CPU
		{AB9B3A1F-0514-4739-B811-B984FA893F66}.Debug|Any CPU.Build.0 = Debug|Any CPU
		{AB9B3A1F-0514-4739-B811-B984FA893F66}.Release|Any CPU.ActiveCfg = Release|Any CPU
		{AB9B3A1F-0514-4739-B811-B984FA893F66}.Release|Any CPU.Build.0 = Release|Any CPU
		{AC828049-2243-4B87-B2C7-D5787FC3040B}.Debug|Any CPU.ActiveCfg = Debug|Any CPU
		{AC828049-2243-4B87-B2C7-D5787FC3040B}.Debug|Any CPU.Build.0 = Debug|Any CPU
		{AC828049-2243-4B87-B2C7-D5787FC3040B}.Release|Any CPU.ActiveCfg = Release|Any CPU
		{AC828049-2243-4B87-B2C7-D5787FC3040B}.Release|Any CPU.Build.0 = Release|Any CPU
	EndGlobalSection
	GlobalSection(SolutionProperties) = preSolution
		HideSolutionNode = FALSE
	EndGlobalSection
	GlobalSection(ExtensibilityGlobals) = postSolution
		SolutionGuid = {6AA72864-4E46-4BAB-9243-0EB2D1FF5ED3}
	EndGlobalSection
EndGlobal
